
Microsoft Visual Studio Solution File, Format Version 12.00
# Visual Studio 2012
Project("{8BC9CEB8-8B4A-11D0-8D11-00A0C91BC942}") = "cube", "cube\cube.vcxproj", "{FEA4D2BA-ACE6-4C28-89D5-747F05806C00}"
EndProject
Global
	GlobalSection(SolutionConfigurationPlatforms) = preSolution
		Debug|Win32 = Debug|Win32
		Release|Win32 = Release|Win32
	EndGlobalSection
	GlobalSection(ProjectConfigurationPlatforms) = postSolution
		{FEA4D2BA-ACE6-4C28-89D5-747F05806C00}.Debug|Win32.ActiveCfg = Debug|Win32
		{FEA4D2BA-ACE6-4C28-89D5-747F05806C00}.Debug|Win32.Build.0 = Debug|Win32
		{FEA4D2BA-ACE6-4C28-89D5-747F05806C00}.Release|Win32.ActiveCfg = Release|Win32
		{FEA4D2BA-ACE6-4C28-89D5-747F05806C00}.Release|Win32.Build.0 = Release|Win32
	EndGlobalSection
	GlobalSection(SolutionProperties) = preSolution
		HideSolutionNode = FALSE
	EndGlobalSection
EndGlobal
